
Microsoft Visual Studio Solution File, Format Version 12.00
# Visual Studio Version 17
VisualStudioVersion = 17.8.34330.188
MinimumVisualStudioVersion = 10.0.40219.1
Project("{FAE04EC0-301F-11D3-BF4B-00C04F79EFBC}") = "WinFormsApp1", "WinFormsApp1\WinFormsApp1.csproj", "{AD190904-0AE9-4789-BED2-0702F5D405ED}"
EndProject
Global
	GlobalSection(SolutionConfigurationPlatforms) = preSolution
		Debug|Any CPU = Debug|Any CPU
		Release|Any CPU = Release|Any CPU
	EndGlobalSection
	GlobalSection(ProjectConfigurationPlatforms) = postSolution
		{AD190904-0AE9-4789-BED2-0702F5D405ED}.Debug|Any CPU.ActiveCfg = Debug|Any CPU
		{AD190904-0AE9-4789-BED2-0702F5D405ED}.Debug|Any CPU.Build.0 = Debug|Any CPU
		{AD190904-0AE9-4789-BED2-0702F5D405ED}.Release|Any CPU.ActiveCfg = Release|Any CPU
		{AD190904-0AE9-4789-BED2-0702F5D405ED}.Release|Any CPU.Build.0 = Release|Any CPU
	EndGlobalSection
	GlobalSection(SolutionProperties) = preSolution
		HideSolutionNode = FALSE
	EndGlobalSection
	GlobalSection(ExtensibilityGlobals) = postSolution
		SolutionGuid = {3C76EB08-20FF-4237-A950-D00F5FD9AC35}
	EndGlobalSection
EndGlobal
